{"filter":false,"title":"package-lock.json","tooltip":"/hello_world/package-lock.json","undoManager":{"mark":-1,"position":-1,"stack":[]},"ace":{"folds":[],"scrolltop":1284.1852757230326,"scrollleft":0,"selection":{"start":{"row":0,"column":0},"end":{"row":0,"column":0},"isBackwards":false},"options":{"guessTabSize":true,"useWrapMode":false,"wrapToView":true},"firstLineState":0},"timestamp":1655928075950,"hash":"6802ff73c25103a8d971447fed3c1e67810b8bb8"}